
Microsoft Visual Studio Solution File, Format Version 12.00
# Visual Studio Version 17
VisualStudioVersion = 17.11.35222.181
MinimumVisualStudioVersion = 10.0.40219.1
Project("{FAE04EC0-301F-11D3-BF4B-00C04F79EFBC}") = "SignalRPOC", "SignalRPOC\SignalRPOC.csproj", "{69316E11-4374-489C-89EB-319932AD4310}"
EndProject
Global
	GlobalSection(SolutionConfigurationPlatforms) = preSolution
		Debug|Any CPU = Debug|Any CPU
		Release|Any CPU = Release|Any CPU
	EndGlobalSection
	GlobalSection(ProjectConfigurationPlatforms) = postSolution
		{69316E11-4374-489C-89EB-319932AD4310}.Debug|Any CPU.ActiveCfg = Debug|Any CPU
		{69316E11-4374-489C-89EB-319932AD4310}.Debug|Any CPU.Build.0 = Debug|Any CPU
		{69316E11-4374-489C-89EB-319932AD4310}.Release|Any CPU.ActiveCfg = Release|Any CPU
		{69316E11-4374-489C-89EB-319932AD4310}.Release|Any CPU.Build.0 = Release|Any CPU
	EndGlobalSection
	GlobalSection(SolutionProperties) = preSolution
		HideSolutionNode = FALSE
	EndGlobalSection
	GlobalSection(ExtensibilityGlobals) = postSolution
		SolutionGuid = {C6AE1711-19DA-43B6-8277-D25DD8854D42}
	EndGlobalSection
EndGlobal
